Microsoft Visual Studio Solution File, Format Version 12.00
# Visual Studio Version 16
VisualStudioVersion = 16.0.29306.81
MinimumVisualStudioVersion = 10.0.40219.1
Project("{2150E333-8FDC-42A3-9474-1A3956D46DE8}") = "src", "src", "{E9D02F11-2124-46E9-A12A-98C371F4B1E0}"
EndProject
Project("{9A19103F-16F7-4668-BE54-9A1E7A4F7556}") = "Example1.RandomPass", "src\Example1.RandomPass\Example1.RandomPass.csproj", "{3FF96CFD-A9FC-4596-9F3F-0F3EB20420EB}"
EndProject
Project("{9A19103F-16F7-4668-BE54-9A1E7A4F7556}") = "Example2.SqlPass", "src\Example2.SqlPass\Example2.SqlPass.csproj", "{7525AB86-A7BA-4D18-BE37-41CE9810EA07}"
EndProject
Project("{9A19103F-16F7-4668-BE54-9A1E7A4F7556}") = "Example.Plugins.Tests", "src\Example.Plugins.Tests\Example.Plugins.Tests.csproj", "{2D8E0FC7-824D-4492-BF6B-2E2765FADD23}"
EndProject
Project("{9A19103F-16F7-4668-BE54-9A1E7A4F7556}") = "AzureKeyVault.SecureStore", "src\SecureStore.AzureKeyVault\AzureKeyVault.SecureStore.csproj", "{DD836ECF-878E-4EB9-817E-9E668DF37BBF}"
EndProject
Project("{9A19103F-16F7-4668-BE54-9A1E7A4F7556}") = "CyberArkCCP.SecureStore", "src\SecureStore.CyberArkCCP\CyberArkCCP.SecureStore.csproj", "{ACF2B58E-5A8A-4864-B333-DE0F97A63FFD}"
EndProject
Project("{9A19103F-16F7-4668-BE54-9A1E7A4F7556}") = "SecureStore.HashicorpVault", "src\SecureStore.HashicorpVault\SecureStore.HashicorpVault.csproj", "{BB4B920F-0F66-4BF2-87E9-8E358A876D62}"
EndProject
Project("{2150E333-8FDC-42A3-9474-1A3956D46DE8}") = "SecureStore.BeyondTrust", "SecureStore.BeyondTrust", "{736ED120-C952-4291-BA94-0D35479C0B81}"
EndProject
Project("{FAE04EC0-301F-11D3-BF4B-00C04F79EFBC}") = "UiPath.Orchestrator.BeyondTrust", "src\SecureStore.BeyondTrust\UiPath.Orchestrator.BeyondTrust\UiPath.Orchestrator.BeyondTrust.csproj", "{90FBAD13-FA5D-472A-B5A5-1A920819A547}"
EndProject
Project("{FAE04EC0-301F-11D3-BF4B-00C04F79EFBC}") = "UiPath.Orchestrator.BeyondTrust-DynamicSystem-ReadOnly", "src\SecureStore.BeyondTrust\UiPath.Orchestrator.BeyondTrust-DynamicSystem-ReadOnly\UiPath.Orchestrator.BeyondTrust-DynamicSystem-ReadOnly.csproj", "{B3955F49-4B07-4CEE-9544-8D8369669124}"
EndProject
Project("{FAE04EC0-301F-11D3-BF4B-00C04F79EFBC}") = "UiPath.Orchestrator.BeyondTrust-SingleSystem-ReadOnly", "src\SecureStore.BeyondTrust\UiPath.Orchestrator.BeyondTrust-SingleSystem-ReadOnly\UiPath.Orchestrator.BeyondTrust-SingleSystem-ReadOnly.csproj", "{C1AAB92C-66E7-4C5E-8A82-10B3812C3E7E}"
EndProject
Global
	GlobalSection(SolutionConfigurationPlatforms) = preSolution
		Debug|Any CPU = Debug|Any CPU
		Release|Any CPU = Release|Any CPU
	EndGlobalSection
	GlobalSection(ProjectConfigurationPlatforms) = postSolution
		{3FF96CFD-A9FC-4596-9F3F-0F3EB20420EB}.Debug|Any CPU.ActiveCfg = Debug|Any CPU
		{3FF96CFD-A9FC-4596-9F3F-0F3EB20420EB}.Debug|Any CPU.Build.0 = Debug|Any CPU
		{3FF96CFD-A9FC-4596-9F3F-0F3EB20420EB}.Release|Any CPU.ActiveCfg = Release|Any CPU
		{3FF96CFD-A9FC-4596-9F3F-0F3EB20420EB}.Release|Any CPU.Build.0 = Release|Any CPU
		{7525AB86-A7BA-4D18-BE37-41CE9810EA07}.Debug|Any CPU.ActiveCfg = Debug|Any CPU
		{7525AB86-A7BA-4D18-BE37-41CE9810EA07}.Debug|Any CPU.Build.0 = Debug|Any CPU
		{7525AB86-A7BA-4D18-BE37-41CE9810EA07}.Release|Any CPU.ActiveCfg = Release|Any CPU
		{7525AB86-A7BA-4D18-BE37-41CE9810EA07}.Release|Any CPU.Build.0 = Release|Any CPU
		{2D8E0FC7-824D-4492-BF6B-2E2765FADD23}.Debug|Any CPU.ActiveCfg = Debug|Any CPU
		{2D8E0FC7-824D-4492-BF6B-2E2765FADD23}.Debug|Any CPU.Build.0 = Debug|Any CPU
		{2D8E0FC7-824D-4492-BF6B-2E2765FADD23}.Release|Any CPU.ActiveCfg = Release|Any CPU
		{2D8E0FC7-824D-4492-BF6B-2E2765FADD23}.Release|Any CPU.Build.0 = Release|Any CPU
		{DD836ECF-878E-4EB9-817E-9E668DF37BBF}.Debug|Any CPU.ActiveCfg = Debug|Any CPU
		{DD836ECF-878E-4EB9-817E-9E668DF37BBF}.Debug|Any CPU.Build.0 = Debug|Any CPU
		{DD836ECF-878E-4EB9-817E-9E668DF37BBF}.Release|Any CPU.ActiveCfg = Release|Any CPU
		{DD836ECF-878E-4EB9-817E-9E668DF37BBF}.Release|Any CPU.Build.0 = Release|Any CPU
		{ACF2B58E-5A8A-4864-B333-DE0F97A63FFD}.Debug|Any CPU.ActiveCfg = Debug|Any CPU
		{ACF2B58E-5A8A-4864-B333-DE0F97A63FFD}.Debug|Any CPU.Build.0 = Debug|Any CPU
		{ACF2B58E-5A8A-4864-B333-DE0F97A63FFD}.Release|Any CPU.ActiveCfg = Release|Any CPU
		{ACF2B58E-5A8A-4864-B333-DE0F97A63FFD}.Release|Any CPU.Build.0 = Release|Any CPU
		{BB4B920F-0F66-4BF2-87E9-8E358A876D62}.Debug|Any CPU.ActiveCfg = Debug|Any CPU
		{BB4B920F-0F66-4BF2-87E9-8E358A876D62}.Debug|Any CPU.Build.0 = Debug|Any CPU
		{BB4B920F-0F66-4BF2-87E9-8E358A876D62}.Release|Any CPU.ActiveCfg = Release|Any CPU
		{BB4B920F-0F66-4BF2-87E9-8E358A876D62}.Release|Any CPU.Build.0 = Release|Any CPU
		{90FBAD13-FA5D-472A-B5A5-1A920819A547}.Debug|Any CPU.ActiveCfg = Debug|Any CPU
		{90FBAD13-FA5D-472A-B5A5-1A920819A547}.Debug|Any CPU.Build.0 = Debug|Any CPU
		{90FBAD13-FA5D-472A-B5A5-1A920819A547}.Release|Any CPU.ActiveCfg = Release|Any CPU
		{90FBAD13-FA5D-472A-B5A5-1A920819A547}.Release|Any CPU.Build.0 = Release|Any CPU
		{B3955F49-4B07-4CEE-9544-8D8369669124}.Debug|Any CPU.ActiveCfg = Debug|Any CPU
		{B3955F49-4B07-4CEE-9544-8D8369669124}.Debug|Any CPU.Build.0 = Debug|Any CPU
		{B3955F49-4B07-4CEE-9544-8D8369669124}.Release|Any CPU.ActiveCfg = Release|Any CPU
		{B3955F49-4B07-4CEE-9544-8D8369669124}.Release|Any CPU.Build.0 = Release|Any CPU
		{C1AAB92C-66E7-4C5E-8A82-10B3812C3E7E}.Debug|Any CPU.ActiveCfg = Debug|Any CPU
		{C1AAB92C-66E7-4C5E-8A82-10B3812C3E7E}.Debug|Any CPU.Build.0 = Debug|Any CPU
		{C1AAB92C-66E7-4C5E-8A82-10B3812C3E7E}.Release|Any CPU.ActiveCfg = Release|Any CPU
		{C1AAB92C-66E7-4C5E-8A82-10B3812C3E7E}.Release|Any CPU.Build.0 = Release|Any CPU
	EndGlobalSection
	GlobalSection(SolutionProperties) = preSolution
		HideSolutionNode = FALSE
	EndGlobalSection
	GlobalSection(NestedProjects) = preSolution
		{3FF96CFD-A9FC-4596-9F3F-0F3EB20420EB} = {E9D02F11-2124-46E9-A12A-98C371F4B1E0}
		{7525AB86-A7BA-4D18-BE37-41CE9810EA07} = {E9D02F11-2124-46E9-A12A-98C371F4B1E0}
		{2D8E0FC7-824D-4492-BF6B-2E2765FADD23} = {E9D02F11-2124-46E9-A12A-98C371F4B1E0}
		{DD836ECF-878E-4EB9-817E-9E668DF37BBF} = {E9D02F11-2124-46E9-A12A-98C371F4B1E0}
		{ACF2B58E-5A8A-4864-B333-DE0F97A63FFD} = {E9D02F11-2124-46E9-A12A-98C371F4B1E0}
		{BB4B920F-0F66-4BF2-87E9-8E358A876D62} = {E9D02F11-2124-46E9-A12A-98C371F4B1E0}
		{736ED120-C952-4291-BA94-0D35479C0B81} = {E9D02F11-2124-46E9-A12A-98C371F4B1E0}
		{90FBAD13-FA5D-472A-B5A5-1A920819A547} = {736ED120-C952-4291-BA94-0D35479C0B81}
		{B3955F49-4B07-4CEE-9544-8D8369669124} = {736ED120-C952-4291-BA94-0D35479C0B81}
		{C1AAB92C-66E7-4C5E-8A82-10B3812C3E7E} = {736ED120-C952-4291-BA94-0D35479C0B81}
	EndGlobalSection
	GlobalSection(ExtensibilityGlobals) = postSolution
		SolutionGuid = {8680C0CF-C99A-43EE-82F9-492172E562CD}
	EndGlobalSection
EndGlobal
